
Microsoft Visual Studio Solution File, Format Version 12.00
# Visual Studio Version 17
VisualStudioVersion = 17.5.002.0
MinimumVisualStudioVersion = 10.0.40219.1
Project("{9A19103F-16F7-4668-BE54-9A1E7A4F7556}") = "MethodTestProject", "MethodTestProject.csproj", "{B8A56693-A056-4874-8BDB-16BFD98E42FE}"
EndProject
Global
	GlobalSection(SolutionConfigurationPlatforms) = preSolution
		Debug|Any CPU = Debug|Any CPU
		Release|Any CPU = Release|Any CPU
	EndGlobalSection
	GlobalSection(ProjectConfigurationPlatforms) = postSolution
		{B8A56693-A056-4874-8BDB-16BFD98E42FE}.Debug|Any CPU.ActiveCfg = Debug|Any CPU
		{B8A56693-A056-4874-8BDB-16BFD98E42FE}.Debug|Any CPU.Build.0 = Debug|Any CPU
		{B8A56693-A056-4874-8BDB-16BFD98E42FE}.Release|Any CPU.ActiveCfg = Release|Any CPU
		{B8A56693-A056-4874-8BDB-16BFD98E42FE}.Release|Any CPU.Build.0 = Release|Any CPU
	EndGlobalSection
	GlobalSection(SolutionProperties) = preSolution
		HideSolutionNode = FALSE
	EndGlobalSection
	GlobalSection(ExtensibilityGlobals) = postSolution
		SolutionGuid = {8DD6BDC7-6EC5-4029-B51C-8E8BB5893710}
	EndGlobalSection
EndGlobal
